
Microsoft Visual Studio Solution File, Format Version 12.00
# Visual Studio 2013
VisualStudioVersion = 12.0.31101.0
MinimumVisualStudioVersion = 10.0.40219.1
Project("{FAE04EC0-301F-11D3-BF4B-00C04F79EFBC}") = "SqlPermissions.Core", "SqlPermissions.Core\SqlPermissions.Core.csproj", "{BD315528-39F9-4EBF-B312-CA7A1F46FE6B}"
EndProject
Project("{FAE04EC0-301F-11D3-BF4B-00C04F79EFBC}") = "SqlPermissions", "SqlPermissions\SqlPermissions.csproj", "{A847D221-F375-4793-BD09-C55A61875103}"
EndProject
Project("{FAE04EC0-301F-11D3-BF4B-00C04F79EFBC}") = "SqlTest", "SqlTest\SqlTest.csproj", "{D60E789D-634C-4DBE-BF1D-55E3C9D4703A}"
EndProject
Project("{00D1A9C2-B5F0-4AF3-8072-F6C62B433612}") = "TestSql", "TestSql\TestSql.sqlproj", "{4B07CE6D-EC52-4646-9EA6-D9FAE5F3EE89}"
EndProject
Global
	GlobalSection(SolutionConfigurationPlatforms) = preSolution
		Debug|Any CPU = Debug|Any CPU
		Release|Any CPU = Release|Any CPU
	EndGlobalSection
	GlobalSection(ProjectConfigurationPlatforms) = postSolution
		{BD315528-39F9-4EBF-B312-CA7A1F46FE6B}.Debug|Any CPU.ActiveCfg = Debug|Any CPU
		{BD315528-39F9-4EBF-B312-CA7A1F46FE6B}.Debug|Any CPU.Build.0 = Debug|Any CPU
		{BD315528-39F9-4EBF-B312-CA7A1F46FE6B}.Release|Any CPU.ActiveCfg = Release|Any CPU
		{BD315528-39F9-4EBF-B312-CA7A1F46FE6B}.Release|Any CPU.Build.0 = Release|Any CPU
		{A847D221-F375-4793-BD09-C55A61875103}.Debug|Any CPU.ActiveCfg = Debug|Any CPU
		{A847D221-F375-4793-BD09-C55A61875103}.Debug|Any CPU.Build.0 = Debug|Any CPU
		{A847D221-F375-4793-BD09-C55A61875103}.Release|Any CPU.ActiveCfg = Release|Any CPU
		{A847D221-F375-4793-BD09-C55A61875103}.Release|Any CPU.Build.0 = Release|Any CPU
		{D60E789D-634C-4DBE-BF1D-55E3C9D4703A}.Debug|Any CPU.ActiveCfg = Debug|Any CPU
		{D60E789D-634C-4DBE-BF1D-55E3C9D4703A}.Debug|Any CPU.Build.0 = Debug|Any CPU
		{D60E789D-634C-4DBE-BF1D-55E3C9D4703A}.Release|Any CPU.ActiveCfg = Release|Any CPU
		{D60E789D-634C-4DBE-BF1D-55E3C9D4703A}.Release|Any CPU.Build.0 = Release|Any CPU
		{4B07CE6D-EC52-4646-9EA6-D9FAE5F3EE89}.Debug|Any CPU.ActiveCfg = Debug|Any CPU
		{4B07CE6D-EC52-4646-9EA6-D9FAE5F3EE89}.Debug|Any CPU.Build.0 = Debug|Any CPU
		{4B07CE6D-EC52-4646-9EA6-D9FAE5F3EE89}.Debug|Any CPU.Deploy.0 = Debug|Any CPU
		{4B07CE6D-EC52-4646-9EA6-D9FAE5F3EE89}.Release|Any CPU.ActiveCfg = Release|Any CPU
		{4B07CE6D-EC52-4646-9EA6-D9FAE5F3EE89}.Release|Any CPU.Build.0 = Release|Any CPU
		{4B07CE6D-EC52-4646-9EA6-D9FAE5F3EE89}.Release|Any CPU.Deploy.0 = Release|Any CPU
	EndGlobalSection
	GlobalSection(SolutionProperties) = preSolution
		HideSolutionNode = FALSE
	EndGlobalSection
EndGlobal
